
Microsoft Visual Studio Solution File, Format Version 12.00
# Visual Studio Version 16
VisualStudioVersion = 16.0.30803.129
MinimumVisualStudioVersion = 10.0.40219.1
Project("{FAE04EC0-301F-11D3-BF4B-00C04F79EFBC}") = "BlazorBookApp", "BlazorBookApp\BlazorBookApp.csproj", "{C9CE327C-79C5-4E24-8B4B-9E70AE57C9FF}"
EndProject
Global
	GlobalSection(SolutionConfigurationPlatforms) = preSolution
		Debug|Any CPU = Debug|Any CPU
		Release|Any CPU = Release|Any CPU
	EndGlobalSection
	GlobalSection(ProjectConfigurationPlatforms) = postSolution
		{C9CE327C-79C5-4E24-8B4B-9E70AE57C9FF}.Debug|Any CPU.ActiveCfg = Debug|Any CPU
		{C9CE327C-79C5-4E24-8B4B-9E70AE57C9FF}.Debug|Any CPU.Build.0 = Debug|Any CPU
		{C9CE327C-79C5-4E24-8B4B-9E70AE57C9FF}.Release|Any CPU.ActiveCfg = Release|Any CPU
		{C9CE327C-79C5-4E24-8B4B-9E70AE57C9FF}.Release|Any CPU.Build.0 = Release|Any CPU
	EndGlobalSection
	GlobalSection(SolutionProperties) = preSolution
		HideSolutionNode = FALSE
	EndGlobalSection
	GlobalSection(ExtensibilityGlobals) = postSolution
		SolutionGuid = {E45C9E95-FDD2-44A1-8F89-31702D13E55D}
	EndGlobalSection
EndGlobal
